<?xml version="1.0" encoding="utf-8"?>
<Project ToolsVersion="4.0" xmlns="http://schemas.microsoft.com/developer/msbuild/2003">
  <ItemGroup>
    <Filter Include="Source Files">
      <UniqueIdentifier>{4FC737F1-C7A5-4376-A066-2A32D752A2FF}</UniqueIdentifier>
      <Extensions>cpp;c;cc;cxx;def;odl;idl;hpj;bat;asm;asmx</Extensions>
    </Filter>
    <Filter Include="Header Files">
      <UniqueIdentifier>{93995380-89BD-4b04-88EB-625FBE52EBFB}</UniqueIdentifier>
      <Extensions>h;hh;hpp;hxx;hm;inl;inc;ipp;xsd</Extensions>
    </Filter>
    <Filter Include="Resource Files">
      <UniqueIdentifier>{67DA6AB6-F800-4c08-8B7A-83BB121AAD01}</UniqueIdentifier>
      <Extensions>rc;ico;cur;bmp;dlg;rc2;rct;bin;rgs;gif;jpg;jpeg;jpe;resx;tiff;tif;png;wav;mfcribbon-ms</Extensions>
    </Filter>
  </ItemGroup>
  <ItemGroup>
    <ClCompile Include="Source.cpp">
      <Filter>Source Files</Filter>
    </ClCompile>
    <ClCompile Include="Classes\IntCodeCPU\IntCodeCPU.cpp">
      <Filter>Source Files</Filter>
    </ClCompile>
    <ClCompile Include="Classes\Moon\Moon.cpp">
      <Filter>Source Files</Filter>
    </ClCompile>
  </ItemGroup>
  <ItemGroup>
    <ClInclude Include="Classes\IntCodeCPU\IntCodeCPU.h">
      <Filter>Header Files</Filter>
    </ClInclude>
    <ClInclude Include="Classes\Moon\Moon.h">
      <Filter>Header Files</Filter>
    </ClInclude>
    <ClInclude Include="Helpers\Parser.h">
      <Filter>Header Files</Filter>
    </ClInclude>
    <ClInclude Include="Solutions\AoC_1.h">
      <Filter>Header Files</Filter>
    </ClInclude>
    <ClInclude Include="Solutions\AoC_2.h">
      <Filter>Header Files</Filter>
    </ClInclude>
    <ClInclude Include="Solutions\AoC_3.h">
      <Filter>Header Files</Filter>
    </ClInclude>
    <ClInclude Include="Solutions\AoC_4.h">
      <Filter>Header Files</Filter>
    </ClInclude>
    <ClInclude Include="Solutions\AoC_5.h">
      <Filter>Header Files</Filter>
    </ClInclude>
    <ClInclude Include="Solutions\AoC_6.h">
      <Filter>Header Files</Filter>
    </ClInclude>
    <ClInclude Include="Solutions\AoC_7.h">
      <Filter>Header Files</Filter>
    </ClInclude>
    <ClInclude Include="Solutions\AoC_8.h">
      <Filter>Header Files</Filter>
    </ClInclude>
    <ClInclude Include="Solutions\AoC_9.h">
      <Filter>Header Files</Filter>
    </ClInclude>
    <ClInclude Include="Solutions\AoC_10.h">
      <Filter>Header Files</Filter>
    </ClInclude>
    <ClInclude Include="Solutions\AoC_11.h">
      <Filter>Header Files</Filter>
    </ClInclude>
    <ClInclude Include="Solutions\AoC_12.h">
      <Filter>Header Files</Filter>
    </ClInclude>
    <ClInclude Include="Solutions\AoC_13.h">
      <Filter>Header Files</Filter>
    </ClInclude>
    <ClInclude Include="Solutions\AoC_14.h">
      <Filter>Header Files</Filter>
    </ClInclude>
    <ClInclude Include="Inputs.h">
      <Filter>Header Files</Filter>
    </ClInclude>
    <ClInclude Include="Solutions\AoC_15.h">
      <Filter>Header Files</Filter>
    </ClInclude>
    <ClInclude Include="Solutions\AoC_16.h">
      <Filter>Header Files</Filter>
    </ClInclude>
    <ClInclude Include="Solutions\AoC_17.h">
      <Filter>Header Files</Filter>
    </ClInclude>
    <ClInclude Include="Solutions\AoC_18.h">
      <Filter>Header Files</Filter>
    </ClInclude>
    <ClInclude Include="Solutions\AoC_19.h">
      <Filter>Header Files</Filter>
    </ClInclude>
    <ClInclude Include="Solutions\AoC_20.h">
      <Filter>Header Files</Filter>
    </ClInclude>
    <ClInclude Include="Solutions\AoC_21.h">
      <Filter>Header Files</Filter>
    </ClInclude>
    <ClInclude Include="Solutions\AoC_22.h">
      <Filter>Header Files</Filter>
    </ClInclude>
    <ClInclude Include="Solutions\AoC_23.h">
      <Filter>Header Files</Filter>
    </ClInclude>
    <ClInclude Include="Solutions\AoC_24.h">
      <Filter>Header Files</Filter>
    </ClInclude>
    <ClInclude Include="Solutions\AoC_25.h">
      <Filter>Header Files</Filter>
    </ClInclude>
  </ItemGroup>
  <ItemGroup>
    <None Include="Inputs\2">
      <Filter>Resource Files</Filter>
    </None>
    <None Include="Inputs\3">
      <Filter>Resource Files</Filter>
    </None>
    <None Include="Inputs\4">
      <Filter>Resource Files</Filter>
    </None>
    <None Include="Inputs\5">
      <Filter>Resource Files</Filter>
    </None>
    <None Include="Inputs\6">
      <Filter>Resource Files</Filter>
    </None>
    <None Include="Inputs\7">
      <Filter>Resource Files</Filter>
    </None>
    <None Include="Inputs\8">
      <Filter>Resource Files</Filter>
    </None>
    <None Include="Inputs\9">
      <Filter>Resource Files</Filter>
    </None>
    <None Include="Inputs\10">
      <Filter>Resource Files</Filter>
    </None>
    <None Include="Inputs\11">
      <Filter>Resource Files</Filter>
    </None>
    <None Include="Inputs\12">
      <Filter>Resource Files</Filter>
    </None>
    <None Include="Inputs\13">
      <Filter>Resource Files</Filter>
    </None>
    <None Include="Inputs\14">
      <Filter>Resource Files</Filter>
    </None>
    <None Include="Inputs\1">
      <Filter>Resource Files</Filter>
    </None>
    <None Include="Inputs\15">
      <Filter>Resource Files</Filter>
    </None>
    <None Include="Inputs\16">
      <Filter>Resource Files</Filter>
    </None>
    <None Include="Inputs\17">
      <Filter>Resource Files</Filter>
    </None>
    <None Include="Inputs\18">
      <Filter>Resource Files</Filter>
    </None>
    <None Include="Inputs\19">
      <Filter>Resource Files</Filter>
    </None>
    <None Include="Inputs\20">
      <Filter>Resource Files</Filter>
    </None>
    <None Include="Inputs\21">
      <Filter>Resource Files</Filter>
    </None>
    <None Include="Inputs\22">
      <Filter>Resource Files</Filter>
    </None>
    <None Include="Inputs\23">
      <Filter>Resource Files</Filter>
    </None>
    <None Include="Inputs\24">
      <Filter>Resource Files</Filter>
    </None>
    <None Include="Inputs\25">
      <Filter>Resource Files</Filter>
    </None>
  </ItemGroup>
</Project>